
Microsoft Visual Studio Solution File, Format Version 11.00
# Visual Studio 2010
Project("{FAE04EC0-301F-11D3-BF4B-00C04F79EFBC}") = "Assembly-CSharp", "Assembly-CSharp.csproj", "{2359301d-c859-69ed-bfc5-72a2cbdc31c2}"
EndProject
Project("{FAE04EC0-301F-11D3-BF4B-00C04F79EFBC}") = "Assembly-CSharp-Editor", "Assembly-CSharp-Editor.csproj", "{8341fa8f-2a85-b7a3-52b2-89c64ff247f1}"
EndProject
Global
	GlobalSection(SolutionConfigurationPlatforms) = preSolution
		Debug|Any CPU = Debug|Any CPU
	EndGlobalSection
	GlobalSection(ProjectConfigurationPlatforms) = postSolution
		{2359301d-c859-69ed-bfc5-72a2cbdc31c2}.Debug|Any CPU.ActiveCfg = Debug|Any CPU
		{2359301d-c859-69ed-bfc5-72a2cbdc31c2}.Debug|Any CPU.Build.0 = Debug|Any CPU
		{8341fa8f-2a85-b7a3-52b2-89c64ff247f1}.Debug|Any CPU.ActiveCfg = Debug|Any CPU
		{8341fa8f-2a85-b7a3-52b2-89c64ff247f1}.Debug|Any CPU.Build.0 = Debug|Any CPU
	EndGlobalSection
	GlobalSection(SolutionProperties) = preSolution
		HideSolutionNode = FALSE
	EndGlobalSection
EndGlobal
